// !$*UTF8*$!
{
	archiveVersion = 1;
	classes = {
	};
	objectVersion = 50;
	objects = {

/* Begin PBXBuildFile section */
		E919DD89236CE08C00A2C34C /* file_reader.cpp in Sources */ = {isa = PBXBuildFile; fileRef = E919DD87236CE08C00A2C34C /* file_reader.cpp */; };
		E919DD8C236CEB6500A2C34C /* socket_manager.cpp in Sources */ = {isa = PBXBuildFile; fileRef = E919DD8A236CEB6500A2C34C /* socket_manager.cpp */; };
		E919DD91236CF04100A2C34C /* request_parser.cpp in Sources */ = {isa = PBXBuildFile; fileRef = E919DD8F236CF04100A2C34C /* request_parser.cpp */; };
		E919DD94236CF86400A2C34C /* utilities.cpp in Sources */ = {isa = PBXBuildFile; fileRef = E919DD92236CF86400A2C34C /* utilities.cpp */; };
		E919DD97236D02A800A2C34C /* request_handler.cpp in Sources */ = {isa = PBXBuildFile; fileRef = E919DD95236D02A800A2C34C /* request_handler.cpp */; };
		E91F47D82362164400FE0329 /* main.cpp in Sources */ = {isa = PBXBuildFile; fileRef = E91F47D72362164400FE0329 /* main.cpp */; };
		E91F47E4236268C400FE0329 /* client_manager.cpp in Sources */ = {isa = PBXBuildFile; fileRef = E91F47E2236268C400FE0329 /* client_manager.cpp */; };
		E95D7A6A236DB82B0002E198 /* response_parser.cpp in Sources */ = {isa = PBXBuildFile; fileRef = E95D7A68236DB82B0002E198 /* response_parser.cpp */; };
/* End PBXBuildFile section */

/* Begin PBXCopyFilesBuildPhase section */
		E91F47D22362164400FE0329 /* CopyFiles */ = {
			isa = PBXCopyFilesBuildPhase;
			buildActionMask = 2147483647;
			dstPath = /usr/share/man/man1/;
			dstSubfolderSpec = 0;
			files = (
			);
			runOnlyForDeploymentPostprocessing = 1;
		};
/* End PBXCopyFilesBuildPhase section */

/* Begin PBXFileReference section */
		E919DD87236CE08C00A2C34C /* file_reader.cpp */ = {isa = PBXFileReference; lastKnownFileType = sourcecode.cpp.cpp; path = file_reader.cpp; sourceTree = "<group>"; };
		E919DD88236CE08C00A2C34C /* file_reader.hpp */ = {isa = PBXFileReference; lastKnownFileType = sourcecode.cpp.h; path = file_reader.hpp; sourceTree = "<group>"; };
		E919DD8A236CEB6500A2C34C /* socket_manager.cpp */ = {isa = PBXFileReference; lastKnownFileType = sourcecode.cpp.cpp; path = socket_manager.cpp; sourceTree = "<group>"; };
		E919DD8B236CEB6500A2C34C /* socket_manager.hpp */ = {isa = PBXFileReference; lastKnownFileType = sourcecode.cpp.h; path = socket_manager.hpp; sourceTree = "<group>"; };
		E919DD8D236CEC3A00A2C34C /* constants.hpp */ = {isa = PBXFileReference; lastKnownFileType = sourcecode.cpp.h; path = constants.hpp; sourceTree = "<group>"; };
		E919DD8E236CEF3300A2C34C /* request.hpp */ = {isa = PBXFileReference; lastKnownFileType = sourcecode.cpp.h; path = request.hpp; sourceTree = "<group>"; };
		E919DD8F236CF04100A2C34C /* request_parser.cpp */ = {isa = PBXFileReference; lastKnownFileType = sourcecode.cpp.cpp; path = request_parser.cpp; sourceTree = "<group>"; };
		E919DD90236CF04100A2C34C /* request_parser.hpp */ = {isa = PBXFileReference; lastKnownFileType = sourcecode.cpp.h; path = request_parser.hpp; sourceTree = "<group>"; };
		E919DD92236CF86400A2C34C /* utilities.cpp */ = {isa = PBXFileReference; fileEncoding = 4; lastKnownFileType = sourcecode.cpp.cpp; name = utilities.cpp; path = ../../server/server/utilities.cpp; sourceTree = "<group>"; };
		E919DD93236CF86400A2C34C /* utilities.hpp */ = {isa = PBXFileReference; fileEncoding = 4; lastKnownFileType = sourcecode.cpp.h; name = utilities.hpp; path = ../../server/server/utilities.hpp; sourceTree = "<group>"; };
		E919DD95236D02A800A2C34C /* request_handler.cpp */ = {isa = PBXFileReference; lastKnownFileType = sourcecode.cpp.cpp; path = request_handler.cpp; sourceTree = "<group>"; };
		E919DD96236D02A800A2C34C /* request_handler.hpp */ = {isa = PBXFileReference; lastKnownFileType = sourcecode.cpp.h; path = request_handler.hpp; sourceTree = "<group>"; };
		E91F47D42362164400FE0329 /* client */ = {isa = PBXFileReference; explicitFileType = "compiled.mach-o.executable"; includeInIndex = 0; path = client; sourceTree = BUILT_PRODUCTS_DIR; };
		E91F47D72362164400FE0329 /* main.cpp */ = {isa = PBXFileReference; lastKnownFileType = sourcecode.cpp.cpp; path = main.cpp; sourceTree = "<group>"; };
		E91F47E2236268C400FE0329 /* client_manager.cpp */ = {isa = PBXFileReference; lastKnownFileType = sourcecode.cpp.cpp; path = client_manager.cpp; sourceTree = "<group>"; };
		E91F47E3236268C400FE0329 /* client_manager.hpp */ = {isa = PBXFileReference; lastKnownFileType = sourcecode.cpp.h; path = client_manager.hpp; sourceTree = "<group>"; };
		E95D7A67236DB5D60002E198 /* response.hpp */ = {isa = PBXFileReference; lastKnownFileType = sourcecode.cpp.h; path = response.hpp; sourceTree = "<group>"; };
		E95D7A68236DB82B0002E198 /* response_parser.cpp */ = {isa = PBXFileReference; lastKnownFileType = sourcecode.cpp.cpp; path = response_parser.cpp; sourceTree = "<group>"; };
		E95D7A69236DB82B0002E198 /* response_parser.hpp */ = {isa = PBXFileReference; lastKnownFileType = sourcecode.cpp.h; path = response_parser.hpp; sourceTree = "<group>"; };
/* End PBXFileReference section */

/* Begin PBXFrameworksBuildPhase section */
		E91F47D12362164400FE0329 /* Frameworks */ = {
			isa = PBXFrameworksBuildPhase;
			buildActionMask = 2147483647;
			files = (
			);
			runOnlyForDeploymentPostprocessing = 0;
		};
/* End PBXFrameworksBuildPhase section */

/* Begin PBXGroup section */
		E91F47CB2362164400FE0329 = {
			isa = PBXGroup;
			children = (
				E91F47D62362164400FE0329 /* client */,
				E91F47D52362164400FE0329 /* Products */,
			);
			sourceTree = "<group>";
		};
		E91F47D52362164400FE0329 /* Products */ = {
			isa = PBXGroup;
			children = (
				E91F47D42362164400FE0329 /* client */,
			);
			name = Products;
			sourceTree = "<group>";
		};
		E91F47D62362164400FE0329 /* client */ = {
			isa = PBXGroup;
			children = (
				E91F47D72362164400FE0329 /* main.cpp */,
				E95D7A67236DB5D60002E198 /* response.hpp */,
				E95D7A68236DB82B0002E198 /* response_parser.cpp */,
				E95D7A69236DB82B0002E198 /* response_parser.hpp */,
				E91F47E2236268C400FE0329 /* client_manager.cpp */,
				E919DD8E236CEF3300A2C34C /* request.hpp */,
				E91F47E3236268C400FE0329 /* client_manager.hpp */,
				E919DD87236CE08C00A2C34C /* file_reader.cpp */,
				E919DD88236CE08C00A2C34C /* file_reader.hpp */,
				E919DD95236D02A800A2C34C /* request_handler.cpp */,
				E919DD96236D02A800A2C34C /* request_handler.hpp */,
				E919DD8A236CEB6500A2C34C /* socket_manager.cpp */,
				E919DD92236CF86400A2C34C /* utilities.cpp */,
				E919DD93236CF86400A2C34C /* utilities.hpp */,
				E919DD8B236CEB6500A2C34C /* socket_manager.hpp */,
				E919DD8D236CEC3A00A2C34C /* constants.hpp */,
				E919DD8F236CF04100A2C34C /* request_parser.cpp */,
				E919DD90236CF04100A2C34C /* request_parser.hpp */,
			);
			path = client;
			sourceTree = "<group>";
		};
/* End PBXGroup section */

/* Begin PBXNativeTarget section */
		E91F47D32362164400FE0329 /* client */ = {
			isa = PBXNativeTarget;
			buildConfigurationList = E91F47DB2362164400FE0329 /* Build configuration list for PBXNativeTarget "client" */;
			buildPhases = (
				E91F47D02362164400FE0329 /* Sources */,
				E91F47D12362164400FE0329 /* Frameworks */,
				E91F47D22362164400FE0329 /* CopyFiles */,
			);
			buildRules = (
			);
			dependencies = (
			);
			name = client;
			productName = client;
			productReference = E91F47D42362164400FE0329 /* client */;
			productType = "com.apple.product-type.tool";
		};
/* End PBXNativeTarget section */

/* Begin PBXProject section */
		E91F47CC2362164400FE0329 /* Project object */ = {
			isa = PBXProject;
			attributes = {
				LastUpgradeCheck = 1030;
				ORGANIZATIONNAME = "Khaled Abdelfattah";
				TargetAttributes = {
					E91F47D32362164400FE0329 = {
						CreatedOnToolsVersion = 10.3;
					};
				};
			};
			buildConfigurationList = E91F47CF2362164400FE0329 /* Build configuration list for PBXProject "client" */;
			compatibilityVersion = "Xcode 9.3";
			developmentRegion = en;
			hasScannedForEncodings = 0;
			knownRegions = (
				en,
			);
			mainGroup = E91F47CB2362164400FE0329;
			productRefGroup = E91F47D52362164400FE0329 /* Products */;
			projectDirPath = "";
			projectRoot = "";
			targets = (
				E91F47D32362164400FE0329 /* client */,
			);
		};
/* End PBXProject section */

/* Begin PBXSourcesBuildPhase section */
		E91F47D02362164400FE0329 /* Sources */ = {
			isa = PBXSourcesBuildPhase;
			buildActionMask = 2147483647;
			files = (
				E919DD97236D02A800A2C34C /* request_handler.cpp in Sources */,
				E919DD94236CF86400A2C34C /* utilities.cpp in Sources */,
				E91F47E4236268C400FE0329 /* client_manager.cpp in Sources */,
				E919DD89236CE08C00A2C34C /* file_reader.cpp in Sources */,
				E919DD91236CF04100A2C34C /* request_parser.cpp in Sources */,
				E919DD8C236CEB6500A2C34C /* socket_manager.cpp in Sources */,
				E91F47D82362164400FE0329 /* main.cpp in Sources */,
				E95D7A6A236DB82B0002E198 /* response_parser.cpp in Sources */,
			);
			runOnlyForDeploymentPostprocessing = 0;
		};
/* End PBXSourcesBuildPhase section */

/* Begin XCBuildConfiguration section */
		E91F47D92362164400FE0329 /* Debug */ = {
			isa = XCBuildConfiguration;
			buildSettings = {
				ALWAYS_SEARCH_USER_PATHS = NO;
				CLANG_ANALYZER_NONNULL = YES;
				CLANG_ANALYZER_NUMBER_OBJECT_CONVERSION = YES_AGGRESSIVE;
				CLANG_CXX_LANGUAGE_STANDARD = "gnu++14";
				CLANG_CXX_LIBRARY = "libc++";
				CLANG_ENABLE_MODULES = YES;
				CLANG_ENABLE_OBJC_ARC = YES;
				CLANG_ENABLE_OBJC_WEAK = YES;
				CLANG_WARN_BLOCK_CAPTURE_AUTORELEASING = YES;
				CLANG_WARN_BOOL_CONVERSION = YES;
				CLANG_WARN_COMMA = YES;
				CLANG_WARN_CONSTANT_CONVERSION = YES;
				CLANG_WARN_DEPRECATED_OBJC_IMPLEMENTATIONS = YES;
				CLANG_WARN_DIRECT_OBJC_ISA_USAGE = YES_ERROR;
				CLANG_WARN_DOCUMENTATION_COMMENTS = YES;
				CLANG_WARN_EMPTY_BODY = YES;
				CLANG_WARN_ENUM_CONVERSION = YES;
				CLANG_WARN_INFINITE_RECURSION = YES;
				CLANG_WARN_INT_CONVERSION = YES;
				CLANG_WARN_NON_LITERAL_NULL_CONVERSION = YES;
				CLANG_WARN_OBJC_IMPLICIT_RETAIN_SELF = YES;
				CLANG_WARN_OBJC_LITERAL_CONVERSION = YES;
				CLANG_WARN_OBJC_ROOT_CLASS = YES_ERROR;
				CLANG_WARN_RANGE_LOOP_ANALYSIS = YES;
				CLANG_WARN_STRICT_PROTOTYPES = YES;
				CLANG_WARN_SUSPICIOUS_MOVE = YES;
				CLANG_WARN_UNGUARDED_AVAILABILITY = YES_AGGRESSIVE;
				CLANG_WARN_UNREACHABLE_CODE = YES;
				CLANG_WARN__DUPLICATE_METHOD_MATCH = YES;
				CODE_SIGN_IDENTITY = "-";
				COPY_PHASE_STRIP = NO;
				DEBUG_INFORMATION_FORMAT = dwarf;
				ENABLE_STRICT_OBJC_MSGSEND = YES;
				ENABLE_TESTABILITY = YES;
				GCC_C_LANGUAGE_STANDARD = gnu11;
				GCC_DYNAMIC_NO_PIC = NO;
				GCC_NO_COMMON_BLOCKS = YES;
				GCC_OPTIMIZATION_LEVEL = 0;
				GCC_PREPROCESSOR_DEFINITIONS = (
					"DEBUG=1",
					"$(inherited)",
				);
				GCC_WARN_64_TO_32_BIT_CONVERSION = YES;
				GCC_WARN_ABOUT_RETURN_TYPE = YES_ERROR;
				GCC_WARN_UNDECLARED_SELECTOR = YES;
				GCC_WARN_UNINITIALIZED_AUTOS = YES_AGGRESSIVE;
				GCC_WARN_UNUSED_FUNCTION = YES;
				GCC_WARN_UNUSED_VARIABLE = YES;
				MACOSX_DEPLOYMENT_TARGET = 10.14;
				MTL_ENABLE_DEBUG_INFO = INCLUDE_SOURCE;
				MTL_FAST_MATH = YES;
				ONLY_ACTIVE_ARCH = YES;
				SDKROOT = macosx;
			};
			name = Debug;
		};
		E91F47DA2362164400FE0329 /* Release */ = {
			isa = XCBuildConfiguration;
			buildSettings = {
				ALWAYS_SEARCH_USER_PATHS = NO;
				CLANG_ANALYZER_NONNULL = YES;
				CLANG_ANALYZER_NUMBER_OBJECT_CONVERSION = YES_AGGRESSIVE;
				CLANG_CXX_LANGUAGE_STANDARD = "gnu++14";
				CLANG_CXX_LIBRARY = "libc++";
				CLANG_ENABLE_MODULES = YES;
				CLANG_ENABLE_OBJC_ARC = YES;
				CLANG_ENABLE_OBJC_WEAK = YES;
				CLANG_WARN_BLOCK_CAPTURE_AUTORELEASING = YES;
				CLANG_WARN_BOOL_CONVERSION = YES;
				CLANG_WARN_COMMA = YES;
				CLANG_WARN_CONSTANT_CONVERSION = YES;
				CLANG_WARN_DEPRECATED_OBJC_IMPLEMENTATIONS = YES;
				CLANG_WARN_DIRECT_OBJC_ISA_USAGE = YES_ERROR;
				CLANG_WARN_DOCUMENTATION_COMMENTS = YES;
				CLANG_WARN_EMPTY_BODY = YES;
				CLANG_WARN_ENUM_CONVERSION = YES;
				CLANG_WARN_INFINITE_RECURSION = YES;
				CLANG_WARN_INT_CONVERSION = YES;
				CLANG_WARN_NON_LITERAL_NULL_CONVERSION = YES;
				CLANG_WARN_OBJC_IMPLICIT_RETAIN_SELF = YES;
				CLANG_WARN_OBJC_LITERAL_CONVERSION = YES;
				CLANG_WARN_OBJC_ROOT_CLASS = YES_ERROR;
				CLANG_WARN_RANGE_LOOP_ANALYSIS = YES;
				CLANG_WARN_STRICT_PROTOTYPES = YES;
				CLANG_WARN_SUSPICIOUS_MOVE = YES;
				CLANG_WARN_UNGUARDED_AVAILABILITY = YES_AGGRESSIVE;
				CLANG_WARN_UNREACHABLE_CODE = YES;
				CLANG_WARN__DUPLICATE_METHOD_MATCH = YES;
				CODE_SIGN_IDENTITY = "-";
				COPY_PHASE_STRIP = NO;
				DEBUG_INFORMATION_FORMAT = "dwarf-with-dsym";
				ENABLE_NS_ASSERTIONS = NO;
				ENABLE_STRICT_OBJC_MSGSEND = YES;
				GCC_C_LANGUAGE_STANDARD = gnu11;
				GCC_NO_COMMON_BLOCKS = YES;
				GCC_WARN_64_TO_32_BIT_CONVERSION = YES;
				GCC_WARN_ABOUT_RETURN_TYPE = YES_ERROR;
				GCC_WARN_UNDECLARED_SELECTOR = YES;
				GCC_WARN_UNINITIALIZED_AUTOS = YES_AGGRESSIVE;
				GCC_WARN_UNUSED_FUNCTION = YES;
				GCC_WARN_UNUSED_VARIABLE = YES;
				MACOSX_DEPLOYMENT_TARGET = 10.14;
				MTL_ENABLE_DEBUG_INFO = NO;
				MTL_FAST_MATH = YES;
				SDKROOT = macosx;
			};
			name = Release;
		};
		E91F47DC2362164400FE0329 /* Debug */ = {
			isa = XCBuildConfiguration;
			buildSettings = {
				CODE_SIGN_STYLE = Automatic;
				PRODUCT_NAME = "$(TARGET_NAME)";
			};
			name = Debug;
		};
		E91F47DD2362164400FE0329 /* Release */ = {
			isa = XCBuildConfiguration;
			buildSettings = {
				CODE_SIGN_STYLE = Automatic;
				PRODUCT_NAME = "$(TARGET_NAME)";
			};
			name = Release;
		};
/* End XCBuildConfiguration section */

/* Begin XCConfigurationList section */
		E91F47CF2362164400FE0329 /* Build configuration list for PBXProject "client" */ = {
			isa = XCConfigurationList;
			buildConfigurations = (
				E91F47D92362164400FE0329 /* Debug */,
				E91F47DA2362164400FE0329 /* Release */,
			);
			defaultConfigurationIsVisible = 0;
			defaultConfigurationName = Release;
		};
		E91F47DB2362164400FE0329 /* Build configuration list for PBXNativeTarget "client" */ = {
			isa = XCConfigurationList;
			buildConfigurations = (
				E91F47DC2362164400FE0329 /* Debug */,
				E91F47DD2362164400FE0329 /* Release */,
			);
			defaultConfigurationIsVisible = 0;
			defaultConfigurationName = Release;
		};
/* End XCConfigurationList section */
	};
	rootObject = E91F47CC2362164400FE0329 /* Project object */;
}
